
Microsoft Visual Studio Solution File, Format Version 12.00
# Visual Studio Version 17
VisualStudioVersion = 17.5.33516.290
MinimumVisualStudioVersion = 10.0.40219.1
Project("{9A19103F-16F7-4668-BE54-9A1E7A4F7556}") = "IL.InMemoryCacheProvider", "Code\IL.InMemoryCacheProvider.csproj", "{C840C30D-D349-42B5-91FC-D58E665A6460}"
EndProject
Project("{9A19103F-16F7-4668-BE54-9A1E7A4F7556}") = "IL.InMemoryCacheProvider.Tests", "Tests\IL.InMemoryCacheProvider.Tests.csproj", "{8D30BED0-5173-4B2E-B222-AC40037EBA60}"
EndProject
Global
	GlobalSection(SolutionConfigurationPlatforms) = preSolution
		Debug|Any CPU = Debug|Any CPU
		Release|Any CPU = Release|Any CPU
	EndGlobalSection
	GlobalSection(ProjectConfigurationPlatforms) = postSolution
		{C840C30D-D349-42B5-91FC-D58E665A6460}.Debug|Any CPU.ActiveCfg = Debug|Any CPU
		{C840C30D-D349-42B5-91FC-D58E665A6460}.Debug|Any CPU.Build.0 = Debug|Any CPU
		{C840C30D-D349-42B5-91FC-D58E665A6460}.Release|Any CPU.ActiveCfg = Release|Any CPU
		{C840C30D-D349-42B5-91FC-D58E665A6460}.Release|Any CPU.Build.0 = Release|Any CPU
		{8D30BED0-5173-4B2E-B222-AC40037EBA60}.Debug|Any CPU.ActiveCfg = Debug|Any CPU
		{8D30BED0-5173-4B2E-B222-AC40037EBA60}.Debug|Any CPU.Build.0 = Debug|Any CPU
		{8D30BED0-5173-4B2E-B222-AC40037EBA60}.Release|Any CPU.ActiveCfg = Release|Any CPU
		{8D30BED0-5173-4B2E-B222-AC40037EBA60}.Release|Any CPU.Build.0 = Release|Any CPU
	EndGlobalSection
	GlobalSection(SolutionProperties) = preSolution
		HideSolutionNode = FALSE
	EndGlobalSection
	GlobalSection(ExtensibilityGlobals) = postSolution
		SolutionGuid = {04BCB643-7F26-48E3-986A-6A6AA01586DE}
	EndGlobalSection
EndGlobal
